# This file is autogenerated, do not edit; changes may be undone by the next 'dep ensure'.


[[projects]]
  name = "github.com/google/uuid"
  packages = ["."]
  revision = "064e2069ce9c359c118179501254f67d7d37ba24"
  version = "0.2"

[[projects]]
  branch = "master"
  name = "github.com/kawamuray/jsonpath"
  packages = ["."]
  revision = "5c448ebf973557834ef870e788b0b2d95ac68d12"

[solve-meta]
  analyzer-name = "dep"
  analyzer-version = 1
  inputs-digest = "36f5e972a8732ae6a5fe842a8b994ba6b06464877acbb51b10b6f01b1a96e29c"
  solver-name = "gps-cdcl"
  solver-version = 1
